// !$*UTF8*$!
{
	archiveVersion = 1;
	classes = {
	};
	objectVersion = 46;
	objects = {

/* Begin PBXBuildFile section */
		940343F61C5ED132001693F7 /* SearchUserViewController.m in Sources */ = {isa = PBXBuildFile; fileRef = 940343F51C5ED132001693F7 /* SearchUserViewController.m */; };
		941BA4C81C53EBCA000CD909 /* CustomCell.m in Sources */ = {isa = PBXBuildFile; fileRef = 941BA4C71C53EBCA000CD909 /* CustomCell.m */; };
		94222A5B1C53FF0100E64EA9 /* DetailViewController.m in Sources */ = {isa = PBXBuildFile; fileRef = 94222A5A1C53FF0100E64EA9 /* DetailViewController.m */; };
		943C8DE71C6043760040C72C /* SearchCell.m in Sources */ = {isa = PBXBuildFile; fileRef = 943C8DE61C6043760040C72C /* SearchCell.m */; };
		943C8DEB1C60703D0040C72C /* Iphone6plus.storyboard in Resources */ = {isa = PBXBuildFile; fileRef = 943C8DEA1C60703D0040C72C /* Iphone6plus.storyboard */; };
		943C8DED1C6079F20040C72C /* Iphone5.storyboard in Resources */ = {isa = PBXBuildFile; fileRef = 943C8DEC1C6079F20040C72C /* Iphone5.storyboard */; };
		943C8DEF1C6080DC0040C72C /* Iphone4.storyboard in Resources */ = {isa = PBXBuildFile; fileRef = 943C8DEE1C6080DC0040C72C /* Iphone4.storyboard */; };
		946153D91C55341C00FA866A /* CollectionViewCell.m in Sources */ = {isa = PBXBuildFile; fileRef = 946153D81C55341C00FA866A /* CollectionViewCell.m */; };
		948777F01CDAAFA000319AA9 /* FollowersViewController.m in Sources */ = {isa = PBXBuildFile; fileRef = 948777EF1CDAAFA000319AA9 /* FollowersViewController.m */; };
		94896C821C5BEC34001A44FF /* CommentViewCell.m in Sources */ = {isa = PBXBuildFile; fileRef = 94896C811C5BEC34001A44FF /* CommentViewCell.m */; };
		9493B8361C533AF700E050CD /* THChatInput.m in Sources */ = {isa = PBXBuildFile; fileRef = 9493B8351C533AF700E050CD /* THChatInput.m */; };
		94AC33EA1CDED70C00F61406 /* liked3.png in Resources */ = {isa = PBXBuildFile; fileRef = 94AC33E81CDED70C00F61406 /* liked3.png */; };
		94AC33ED1CDEDA1400F61406 /* notLiked.png in Resources */ = {isa = PBXBuildFile; fileRef = 94AC33EC1CDEDA1400F61406 /* notLiked.png */; };
		94AC33F01CDEDACB00F61406 /* liked1.png in Resources */ = {isa = PBXBuildFile; fileRef = 94AC33EE1CDEDACB00F61406 /* liked1.png */; };
		94AC33F11CDEDACB00F61406 /* unLiked1.png in Resources */ = {isa = PBXBuildFile; fileRef = 94AC33EF1CDEDACB00F61406 /* unLiked1.png */; };
		94AC33F31CDEDE0600F61406 /* share.png in Resources */ = {isa = PBXBuildFile; fileRef = 94AC33F21CDEDE0600F61406 /* share.png */; };
		94BC0D7C1C038915004A5D62 /* SWRevealViewController.m in Sources */ = {isa = PBXBuildFile; fileRef = 94BC0D7B1C038915004A5D62 /* SWRevealViewController.m */; };
		94BC0D7F1C038962004A5D62 /* NavigationViewController.m in Sources */ = {isa = PBXBuildFile; fileRef = 94BC0D7E1C038962004A5D62 /* NavigationViewController.m */; };
		94CCC8181C508F3000F61E04 /* app icon.png in Resources */ = {isa = PBXBuildFile; fileRef = 94CCC8171C508F3000F61E04 /* app icon.png */; };
		94CCC81A1C508F3A00F61E04 /* menu1.png in Resources */ = {isa = PBXBuildFile; fileRef = 94CCC8191C508F3A00F61E04 /* menu1.png */; };
		94CCC81C1C5093AD00F61E04 /* menu2.png in Resources */ = {isa = PBXBuildFile; fileRef = 94CCC81B1C5093AD00F61E04 /* menu2.png */; };
		EE53B9E81C4DDFF700A03B2D /* ViewMyOutfitsViewController.m in Sources */ = {isa = PBXBuildFile; fileRef = EE53B9E71C4DDFF700A03B2D /* ViewMyOutfitsViewController.m */; };
		EE53B9ED1C4DE07000A03B2D /* UploadOutfitViewController.m in Sources */ = {isa = PBXBuildFile; fileRef = EE53B9EC1C4DE07000A03B2D /* UploadOutfitViewController.m */; };
		EEAFB9DD1BDD883C00AFF6C9 /* main.m in Sources */ = {isa = PBXBuildFile; fileRef = EEAFB9DC1BDD883C00AFF6C9 /* main.m */; };
		EEAFB9E01BDD883C00AFF6C9 /* AppDelegate.m in Sources */ = {isa = PBXBuildFile; fileRef = EEAFB9DF1BDD883C00AFF6C9 /* AppDelegate.m */; };
		EEAFB9E31BDD883C00AFF6C9 /* ViewController.m in Sources */ = {isa = PBXBuildFile; fileRef = EEAFB9E21BDD883C00AFF6C9 /* ViewController.m */; };
		EEAFB9E61BDD883C00AFF6C9 /* Main.storyboard in Resources */ = {isa = PBXBuildFile; fileRef = EEAFB9E41BDD883C00AFF6C9 /* Main.storyboard */; };
		EEAFB9E81BDD883D00AFF6C9 /* Images.xcassets in Resources */ = {isa = PBXBuildFile; fileRef = EEAFB9E71BDD883D00AFF6C9 /* Images.xcassets */; };
		EEAFB9EB1BDD883D00AFF6C9 /* LaunchScreen.xib in Resources */ = {isa = PBXBuildFile; fileRef = EEAFB9E91BDD883D00AFF6C9 /* LaunchScreen.xib */; };
		EEAFB9F71BDD883D00AFF6C9 /* FBLA_OutfitterTests.m in Sources */ = {isa = PBXBuildFile; fileRef = EEAFB9F61BDD883D00AFF6C9 /* FBLA_OutfitterTests.m */; };
		EEC893741C120F680067C65D /* LoginViewController.m in Sources */ = {isa = PBXBuildFile; fileRef = EEC893731C120F680067C65D /* LoginViewController.m */; };
		EEF268B51CDFB76300FEB563 /* liked.png in Resources */ = {isa = PBXBuildFile; fileRef = EEF268B41CDFB76300FEB563 /* liked.png */; };
/* End PBXBuildFile section */

/* Begin PBXContainerItemProxy section */
		EEAFB9F11BDD883D00AFF6C9 /* PBXContainerItemProxy */ = {
			isa = PBXContainerItemProxy;
			containerPortal = EEAFB9CF1BDD883C00AFF6C9 /* Project object */;
			proxyType = 1;
			remoteGlobalIDString = EEAFB9D61BDD883C00AFF6C9;
			remoteInfo = "FBLA Outfitter";
		};
/* End PBXContainerItemProxy section */

/* Begin PBXFileReference section */
		940343F41C5ED132001693F7 /* SearchUserViewController.h */ = {isa = PBXFileReference; fileEncoding = 4; lastKnownFileType = sourcecode.c.h; path = SearchUserViewController.h; sourceTree = "<group>"; };
		940343F51C5ED132001693F7 /* SearchUserViewController.m */ = {isa = PBXFileReference; fileEncoding = 4; lastKnownFileType = sourcecode.c.objc; path = SearchUserViewController.m; sourceTree = "<group>"; };
		941BA4C61C53EBCA000CD909 /* CustomCell.h */ = {isa = PBXFileReference; fileEncoding = 4; lastKnownFileType = sourcecode.c.h; path = CustomCell.h; sourceTree = "<group>"; };
		941BA4C71C53EBCA000CD909 /* CustomCell.m */ = {isa = PBXFileReference; fileEncoding = 4; lastKnownFileType = sourcecode.c.objc; path = CustomCell.m; sourceTree = "<group>"; };
		94222A591C53FF0100E64EA9 /* DetailViewController.h */ = {isa = PBXFileReference; fileEncoding = 4; lastKnownFileType = sourcecode.c.h; path = DetailViewController.h; sourceTree = "<group>"; };
		94222A5A1C53FF0100E64EA9 /* DetailViewController.m */ = {isa = PBXFileReference; fileEncoding = 4; lastKnownFileType = sourcecode.c.objc; path = DetailViewController.m; sourceTree = "<group>"; };
		943C8DE51C6043760040C72C /* SearchCell.h */ = {isa = PBXFileReference; fileEncoding = 4; lastKnownFileType = sourcecode.c.h; path = SearchCell.h; sourceTree = "<group>"; };
		943C8DE61C6043760040C72C /* SearchCell.m */ = {isa = PBXFileReference; fileEncoding = 4; lastKnownFileType = sourcecode.c.objc; path = SearchCell.m; sourceTree = "<group>"; };
		943C8DEA1C60703D0040C72C /* Iphone6plus.storyboard */ = {isa = PBXFileReference; fileEncoding = 4; lastKnownFileType = file.storyboard; path = Iphone6plus.storyboard; sourceTree = "<group>"; };
		943C8DEC1C6079F20040C72C /* Iphone5.storyboard */ = {isa = PBXFileReference; fileEncoding = 4; lastKnownFileType = file.storyboard; path = Iphone5.storyboard; sourceTree = "<group>"; };
		943C8DEE1C6080DC0040C72C /* Iphone4.storyboard */ = {isa = PBXFileReference; fileEncoding = 4; lastKnownFileType = file.storyboard; path = Iphone4.storyboard; sourceTree = "<group>"; };
		946153D71C55341C00FA866A /* CollectionViewCell.h */ = {isa = PBXFileReference; fileEncoding = 4; lastKnownFileType = sourcecode.c.h; path = CollectionViewCell.h; sourceTree = "<group>"; };
		946153D81C55341C00FA866A /* CollectionViewCell.m */ = {isa = PBXFileReference; fileEncoding = 4; lastKnownFileType = sourcecode.c.objc; path = CollectionViewCell.m; sourceTree = "<group>"; };
		948777EE1CDAAFA000319AA9 /* FollowersViewController.h */ = {isa = PBXFileReference; fileEncoding = 4; lastKnownFileType = sourcecode.c.h; path = FollowersViewController.h; sourceTree = "<group>"; };
		948777EF1CDAAFA000319AA9 /* FollowersViewController.m */ = {isa = PBXFileReference; fileEncoding = 4; lastKnownFileType = sourcecode.c.objc; path = FollowersViewController.m; sourceTree = "<group>"; };
		94896C801C5BEC34001A44FF /* CommentViewCell.h */ = {isa = PBXFileReference; fileEncoding = 4; lastKnownFileType = sourcecode.c.h; path = CommentViewCell.h; sourceTree = "<group>"; };
		94896C811C5BEC34001A44FF /* CommentViewCell.m */ = {isa = PBXFileReference; fileEncoding = 4; lastKnownFileType = sourcecode.c.objc; path = CommentViewCell.m; sourceTree = "<group>"; };
		9493B8341C533AF700E050CD /* THChatInput.h */ = {isa = PBXFileReference; fileEncoding = 4; lastKnownFileType = sourcecode.c.h; name = THChatInput.h; path = ../THChatInput.h; sourceTree = "<group>"; };
		9493B8351C533AF700E050CD /* THChatInput.m */ = {isa = PBXFileReference; fileEncoding = 4; lastKnownFileType = sourcecode.c.objc; name = THChatInput.m; path = ../THChatInput.m; sourceTree = "<group>"; };
		94AC33E81CDED70C00F61406 /* liked3.png */ = {isa = PBXFileReference; lastKnownFileType = image.png; path = liked3.png; sourceTree = "<group>"; };
		94AC33EC1CDEDA1400F61406 /* notLiked.png */ = {isa = PBXFileReference; lastKnownFileType = image.png; path = notLiked.png; sourceTree = "<group>"; };
		94AC33EE1CDEDACB00F61406 /* liked1.png */ = {isa = PBXFileReference; lastKnownFileType = image.png; path = liked1.png; sourceTree = "<group>"; };
		94AC33EF1CDEDACB00F61406 /* unLiked1.png */ = {isa = PBXFileReference; lastKnownFileType = image.png; path = unLiked1.png; sourceTree = "<group>"; };
		94AC33F21CDEDE0600F61406 /* share.png */ = {isa = PBXFileReference; lastKnownFileType = image.png; path = share.png; sourceTree = "<group>"; };
		94BC0D7A1C038915004A5D62 /* SWRevealViewController.h */ = {isa = PBXFileReference; fileEncoding = 4; lastKnownFileType = sourcecode.c.h; path = SWRevealViewController.h; sourceTree = "<group>"; };
		94BC0D7B1C038915004A5D62 /* SWRevealViewController.m */ = {isa = PBXFileReference; fileEncoding = 4; lastKnownFileType = sourcecode.c.objc; path = SWRevealViewController.m; sourceTree = "<group>"; };
		94BC0D7D1C038962004A5D62 /* NavigationViewController.h */ = {isa = PBXFileReference; fileEncoding = 4; lastKnownFileType = sourcecode.c.h; path = NavigationViewController.h; sourceTree = "<group>"; };
		94BC0D7E1C038962004A5D62 /* NavigationViewController.m */ = {isa = PBXFileReference; fileEncoding = 4; lastKnownFileType = sourcecode.c.objc; path = NavigationViewController.m; sourceTree = "<group>"; };
		94CCC8171C508F3000F61E04 /* app icon.png */ = {isa = PBXFileReference; lastKnownFileType = image.png; path = "app icon.png"; sourceTree = "<group>"; };
		94CCC8191C508F3A00F61E04 /* menu1.png */ = {isa = PBXFileReference; lastKnownFileType = image.png; path = menu1.png; sourceTree = "<group>"; };
		94CCC81B1C5093AD00F61E04 /* menu2.png */ = {isa = PBXFileReference; lastKnownFileType = image.png; path = menu2.png; sourceTree = "<group>"; };
		EE53B9E61C4DDFF700A03B2D /* ViewMyOutfitsViewController.h */ = {isa = PBXFileReference; fileEncoding = 4; lastKnownFileType = sourcecode.c.h; path = ViewMyOutfitsViewController.h; sourceTree = "<group>"; };
		EE53B9E71C4DDFF700A03B2D /* ViewMyOutfitsViewController.m */ = {isa = PBXFileReference; fileEncoding = 4; lastKnownFileType = sourcecode.c.objc; path = ViewMyOutfitsViewController.m; sourceTree = "<group>"; };
		EE53B9EB1C4DE07000A03B2D /* UploadOutfitViewController.h */ = {isa = PBXFileReference; fileEncoding = 4; lastKnownFileType = sourcecode.c.h; path = UploadOutfitViewController.h; sourceTree = "<group>"; };
		EE53B9EC1C4DE07000A03B2D /* UploadOutfitViewController.m */ = {isa = PBXFileReference; fileEncoding = 4; lastKnownFileType = sourcecode.c.objc; path = UploadOutfitViewController.m; sourceTree = "<group>"; };
		EEAFB9D71BDD883C00AFF6C9 /* FBLA Outfitter.app */ = {isa = PBXFileReference; explicitFileType = wrapper.application; includeInIndex = 0; path = "FBLA Outfitter.app"; sourceTree = BUILT_PRODUCTS_DIR; };
		EEAFB9DB1BDD883C00AFF6C9 /* Info.plist */ = {isa = PBXFileReference; lastKnownFileType = text.plist.xml; path = Info.plist; sourceTree = "<group>"; };
		EEAFB9DC1BDD883C00AFF6C9 /* main.m */ = {isa = PBXFileReference; lastKnownFileType = sourcecode.c.objc; path = main.m; sourceTree = "<group>"; };
		EEAFB9DE1BDD883C00AFF6C9 /* AppDelegate.h */ = {isa = PBXFileReference; lastKnownFileType = sourcecode.c.h; path = AppDelegate.h; sourceTree = "<group>"; };
		EEAFB9DF1BDD883C00AFF6C9 /* AppDelegate.m */ = {isa = PBXFileReference; lastKnownFileType = sourcecode.c.objc; path = AppDelegate.m; sourceTree = "<group>"; };
		EEAFB9E11BDD883C00AFF6C9 /* ViewController.h */ = {isa = PBXFileReference; lastKnownFileType = sourcecode.c.h; path = ViewController.h; sourceTree = "<group>"; };
		EEAFB9E21BDD883C00AFF6C9 /* ViewController.m */ = {isa = PBXFileReference; lastKnownFileType = sourcecode.c.objc; path = ViewController.m; sourceTree = "<group>"; };
		EEAFB9E51BDD883C00AFF6C9 /* Base */ = {isa = PBXFileReference; lastKnownFileType = file.storyboard; name = Base; path = Base.lproj/Main.storyboard; sourceTree = "<group>"; };
		EEAFB9E71BDD883D00AFF6C9 /* Images.xcassets */ = {isa = PBXFileReference; lastKnownFileType = folder.assetcatalog; path = Images.xcassets; sourceTree = "<group>"; };
		EEAFB9EA1BDD883D00AFF6C9 /* Base */ = {isa = PBXFileReference; lastKnownFileType = file.xib; name = Base; path = Base.lproj/LaunchScreen.xib; sourceTree = "<group>"; };
		EEAFB9F01BDD883D00AFF6C9 /* FBLA OutfitterTests.xctest */ = {isa = PBXFileReference; explicitFileType = wrapper.cfbundle; includeInIndex = 0; path = "FBLA OutfitterTests.xctest"; sourceTree = BUILT_PRODUCTS_DIR; };
		EEAFB9F51BDD883D00AFF6C9 /* Info.plist */ = {isa = PBXFileReference; lastKnownFileType = text.plist.xml; path = Info.plist; sourceTree = "<group>"; };
		EEAFB9F61BDD883D00AFF6C9 /* FBLA_OutfitterTests.m */ = {isa = PBXFileReference; lastKnownFileType = sourcecode.c.objc; path = FBLA_OutfitterTests.m; sourceTree = "<group>"; };
		EEC893721C120F670067C65D /* LoginViewController.h */ = {isa = PBXFileReference; fileEncoding = 4; lastKnownFileType = sourcecode.c.h; path = LoginViewController.h; sourceTree = "<group>"; };
		EEC893731C120F680067C65D /* LoginViewController.m */ = {isa = PBXFileReference; fileEncoding = 4; lastKnownFileType = sourcecode.c.objc; path = LoginViewController.m; sourceTree = "<group>"; };
		EEF268B41CDFB76300FEB563 /* liked.png */ = {isa = PBXFileReference; lastKnownFileType = image.png; name = liked.png; path = ../../../../../Downloads/liked.png; sourceTree = "<group>"; };
/* End PBXFileReference section */

/* Begin PBXFrameworksBuildPhase section */
		EEAFB9D41BDD883C00AFF6C9 /* Frameworks */ = {
			isa = PBXFrameworksBuildPhase;
			buildActionMask = 2147483647;
			files = (
			);
			runOnlyForDeploymentPostprocessing = 0;
		};
		EEAFB9ED1BDD883D00AFF6C9 /* Frameworks */ = {
			isa = PBXFrameworksBuildPhase;
			buildActionMask = 2147483647;
			files = (
			);
			runOnlyForDeploymentPostprocessing = 0;
		};
/* End PBXFrameworksBuildPhase section */

/* Begin PBXGroup section */
		94BC0D791C038915004A5D62 /* SlideOutMenuFiles */ = {
			isa = PBXGroup;
			children = (
				94BC0D7A1C038915004A5D62 /* SWRevealViewController.h */,
				94BC0D7B1C038915004A5D62 /* SWRevealViewController.m */,
			);
			path = SlideOutMenuFiles;
			sourceTree = "<group>";
		};
		EE53B9E91C4DE04200A03B2D /* viewmyoutfits */ = {
			isa = PBXGroup;
			children = (
				EE53B9E61C4DDFF700A03B2D /* ViewMyOutfitsViewController.h */,
				EE53B9E71C4DDFF700A03B2D /* ViewMyOutfitsViewController.m */,
				948777EE1CDAAFA000319AA9 /* FollowersViewController.h */,
				948777EF1CDAAFA000319AA9 /* FollowersViewController.m */,
			);
			name = viewmyoutfits;
			sourceTree = "<group>";
		};
		EE53B9EA1C4DE05C00A03B2D /* uploadoufit */ = {
			isa = PBXGroup;
			children = (
				EE53B9EB1C4DE07000A03B2D /* UploadOutfitViewController.h */,
				EE53B9EC1C4DE07000A03B2D /* UploadOutfitViewController.m */,
			);
			name = uploadoufit;
			sourceTree = "<group>";
		};
		EEAFB9CE1BDD883C00AFF6C9 = {
			isa = PBXGroup;
			children = (
				EEAFB9D91BDD883C00AFF6C9 /* FBLA Outfitter */,
				EEAFB9F31BDD883D00AFF6C9 /* FBLA OutfitterTests */,
				EEAFB9D81BDD883C00AFF6C9 /* Products */,
			);
			sourceTree = "<group>";
		};
		EEAFB9D81BDD883C00AFF6C9 /* Products */ = {
			isa = PBXGroup;
			children = (
				EEAFB9D71BDD883C00AFF6C9 /* FBLA Outfitter.app */,
				EEAFB9F01BDD883D00AFF6C9 /* FBLA OutfitterTests.xctest */,
			);
			name = Products;
			sourceTree = "<group>";
		};
		EEAFB9D91BDD883C00AFF6C9 /* FBLA Outfitter */ = {
			isa = PBXGroup;
			children = (
				9493B8341C533AF700E050CD /* THChatInput.h */,
				9493B8351C533AF700E050CD /* THChatInput.m */,
				EE53B9EA1C4DE05C00A03B2D /* uploadoufit */,
				EE53B9E91C4DE04200A03B2D /* viewmyoutfits */,
				EEAFB9DE1BDD883C00AFF6C9 /* AppDelegate.h */,
				EEAFB9DF1BDD883C00AFF6C9 /* AppDelegate.m */,
				EEC893721C120F670067C65D /* LoginViewController.h */,
				EEC893731C120F680067C65D /* LoginViewController.m */,
				EEAFB9E11BDD883C00AFF6C9 /* ViewController.h */,
				EEAFB9E21BDD883C00AFF6C9 /* ViewController.m */,
				94222A591C53FF0100E64EA9 /* DetailViewController.h */,
				94222A5A1C53FF0100E64EA9 /* DetailViewController.m */,
				94BC0D7D1C038962004A5D62 /* NavigationViewController.h */,
				94BC0D7E1C038962004A5D62 /* NavigationViewController.m */,
				94896C801C5BEC34001A44FF /* CommentViewCell.h */,
				94896C811C5BEC34001A44FF /* CommentViewCell.m */,
				941BA4C61C53EBCA000CD909 /* CustomCell.h */,
				941BA4C71C53EBCA000CD909 /* CustomCell.m */,
				946153D71C55341C00FA866A /* CollectionViewCell.h */,
				946153D81C55341C00FA866A /* CollectionViewCell.m */,
				940343F41C5ED132001693F7 /* SearchUserViewController.h */,
				940343F51C5ED132001693F7 /* SearchUserViewController.m */,
				943C8DE51C6043760040C72C /* SearchCell.h */,
				943C8DE61C6043760040C72C /* SearchCell.m */,
				943C8DEE1C6080DC0040C72C /* Iphone4.storyboard */,
				943C8DEC1C6079F20040C72C /* Iphone5.storyboard */,
				EEAFB9E41BDD883C00AFF6C9 /* Main.storyboard */,
				943C8DEA1C60703D0040C72C /* Iphone6plus.storyboard */,
				EEAFB9E71BDD883D00AFF6C9 /* Images.xcassets */,
				EEAFB9E91BDD883D00AFF6C9 /* LaunchScreen.xib */,
				EEAFB9DA1BDD883C00AFF6C9 /* Supporting Files */,
			);
			path = "FBLA Outfitter";
			sourceTree = "<group>";
		};
		EEAFB9DA1BDD883C00AFF6C9 /* Supporting Files */ = {
			isa = PBXGroup;
			children = (
				94AC33F21CDEDE0600F61406 /* share.png */,
				94AC33EE1CDEDACB00F61406 /* liked1.png */,
				94AC33EF1CDEDACB00F61406 /* unLiked1.png */,
				EEF268B41CDFB76300FEB563 /* liked.png */,
				94AC33E81CDED70C00F61406 /* liked3.png */,
				94AC33EC1CDEDA1400F61406 /* notLiked.png */,
				94CCC81B1C5093AD00F61E04 /* menu2.png */,
				94CCC8171C508F3000F61E04 /* app icon.png */,
				94CCC8191C508F3A00F61E04 /* menu1.png */,
				94BC0D791C038915004A5D62 /* SlideOutMenuFiles */,
				EEAFB9DB1BDD883C00AFF6C9 /* Info.plist */,
				EEAFB9DC1BDD883C00AFF6C9 /* main.m */,
			);
			name = "Supporting Files";
			sourceTree = "<group>";
		};
		EEAFB9F31BDD883D00AFF6C9 /* FBLA OutfitterTests */ = {
			isa = PBXGroup;
			children = (
				EEAFB9F61BDD883D00AFF6C9 /* FBLA_OutfitterTests.m */,
				EEAFB9F41BDD883D00AFF6C9 /* Supporting Files */,
			);
			path = "FBLA OutfitterTests";
			sourceTree = "<group>";
		};
		EEAFB9F41BDD883D00AFF6C9 /* Supporting Files */ = {
			isa = PBXGroup;
			children = (
				EEAFB9F51BDD883D00AFF6C9 /* Info.plist */,
			);
			name = "Supporting Files";
			sourceTree = "<group>";
		};
/* End PBXGroup section */

/* Begin PBXNativeTarget section */
		EEAFB9D61BDD883C00AFF6C9 /* FBLA Outfitter */ = {
			isa = PBXNativeTarget;
			buildConfigurationList = EEAFB9FA1BDD883D00AFF6C9 /* Build configuration list for PBXNativeTarget "FBLA Outfitter" */;
			buildPhases = (
				EEAFB9D31BDD883C00AFF6C9 /* Sources */,
				EEAFB9D41BDD883C00AFF6C9 /* Frameworks */,
				EEAFB9D51BDD883C00AFF6C9 /* Resources */,
			);
			buildRules = (
			);
			dependencies = (
			);
			name = "FBLA Outfitter";
			productName = "FBLA Outfitter";
			productReference = EEAFB9D71BDD883C00AFF6C9 /* FBLA Outfitter.app */;
			productType = "com.apple.product-type.application";
		};
		EEAFB9EF1BDD883D00AFF6C9 /* FBLA OutfitterTests */ = {
			isa = PBXNativeTarget;
			buildConfigurationList = EEAFB9FD1BDD883D00AFF6C9 /* Build configuration list for PBXNativeTarget "FBLA OutfitterTests" */;
			buildPhases = (
				EEAFB9EC1BDD883D00AFF6C9 /* Sources */,
				EEAFB9ED1BDD883D00AFF6C9 /* Frameworks */,
				EEAFB9EE1BDD883D00AFF6C9 /* Resources */,
			);
			buildRules = (
			);
			dependencies = (
				EEAFB9F21BDD883D00AFF6C9 /* PBXTargetDependency */,
			);
			name = "FBLA OutfitterTests";
			productName = "FBLA OutfitterTests";
			productReference = EEAFB9F01BDD883D00AFF6C9 /* FBLA OutfitterTests.xctest */;
			productType = "com.apple.product-type.bundle.unit-test";
		};
/* End PBXNativeTarget section */

/* Begin PBXProject section */
		EEAFB9CF1BDD883C00AFF6C9 /* Project object */ = {
			isa = PBXProject;
			attributes = {
				LastUpgradeCheck = 0600;
				ORGANIZATIONNAME = "Tobin Technologies";
				TargetAttributes = {
					EEAFB9D61BDD883C00AFF6C9 = {
						CreatedOnToolsVersion = 6.0;
						DevelopmentTeam = QVQ77B76RL;
					};
					EEAFB9EF1BDD883D00AFF6C9 = {
						CreatedOnToolsVersion = 6.0;
						TestTargetID = EEAFB9D61BDD883C00AFF6C9;
					};
				};
			};
			buildConfigurationList = EEAFB9D21BDD883C00AFF6C9 /* Build configuration list for PBXProject "FBLA Outfitter" */;
			compatibilityVersion = "Xcode 3.2";
			developmentRegion = English;
			hasScannedForEncodings = 0;
			knownRegions = (
				en,
				Base,
			);
			mainGroup = EEAFB9CE1BDD883C00AFF6C9;
			productRefGroup = EEAFB9D81BDD883C00AFF6C9 /* Products */;
			projectDirPath = "";
			projectRoot = "";
			targets = (
				EEAFB9D61BDD883C00AFF6C9 /* FBLA Outfitter */,
				EEAFB9EF1BDD883D00AFF6C9 /* FBLA OutfitterTests */,
			);
		};
/* End PBXProject section */

/* Begin PBXResourcesBuildPhase section */
		EEAFB9D51BDD883C00AFF6C9 /* Resources */ = {
			isa = PBXResourcesBuildPhase;
			buildActionMask = 2147483647;
			files = (
				EEAFB9E61BDD883C00AFF6C9 /* Main.storyboard in Resources */,
				943C8DED1C6079F20040C72C /* Iphone5.storyboard in Resources */,
				94CCC81A1C508F3A00F61E04 /* menu1.png in Resources */,
				94AC33F31CDEDE0600F61406 /* share.png in Resources */,
				94AC33F01CDEDACB00F61406 /* liked1.png in Resources */,
				94AC33F11CDEDACB00F61406 /* unLiked1.png in Resources */,
				94CCC8181C508F3000F61E04 /* app icon.png in Resources */,
				EEF268B51CDFB76300FEB563 /* liked.png in Resources */,
				943C8DEF1C6080DC0040C72C /* Iphone4.storyboard in Resources */,
				94AC33ED1CDEDA1400F61406 /* notLiked.png in Resources */,
				943C8DEB1C60703D0040C72C /* Iphone6plus.storyboard in Resources */,
				94CCC81C1C5093AD00F61E04 /* menu2.png in Resources */,
				94AC33EA1CDED70C00F61406 /* liked3.png in Resources */,
				EEAFB9EB1BDD883D00AFF6C9 /* LaunchScreen.xib in Resources */,
				EEAFB9E81BDD883D00AFF6C9 /* Images.xcassets in Resources */,
			);
			runOnlyForDeploymentPostprocessing = 0;
		};
		EEAFB9EE1BDD883D00AFF6C9 /* Resources */ = {
			isa = PBXResourcesBuildPhase;
			buildActionMask = 2147483647;
			files = (
			);
			runOnlyForDeploymentPostprocessing = 0;
		};
/* End PBXResourcesBuildPhase section */

/* Begin PBXSourcesBuildPhase section */
		EEAFB9D31BDD883C00AFF6C9 /* Sources */ = {
			isa = PBXSourcesBuildPhase;
			buildActionMask = 2147483647;
			files = (
				948777F01CDAAFA000319AA9 /* FollowersViewController.m in Sources */,
				EEAFB9E31BDD883C00AFF6C9 /* ViewController.m in Sources */,
				EEAFB9E01BDD883C00AFF6C9 /* AppDelegate.m in Sources */,
				941BA4C81C53EBCA000CD909 /* CustomCell.m in Sources */,
				9493B8361C533AF700E050CD /* THChatInput.m in Sources */,
				940343F61C5ED132001693F7 /* SearchUserViewController.m in Sources */,
				EE53B9E81C4DDFF700A03B2D /* ViewMyOutfitsViewController.m in Sources */,
				EEC893741C120F680067C65D /* LoginViewController.m in Sources */,
				94BC0D7F1C038962004A5D62 /* NavigationViewController.m in Sources */,
				94896C821C5BEC34001A44FF /* CommentViewCell.m in Sources */,
				EEAFB9DD1BDD883C00AFF6C9 /* main.m in Sources */,
				EE53B9ED1C4DE07000A03B2D /* UploadOutfitViewController.m in Sources */,
				94BC0D7C1C038915004A5D62 /* SWRevealViewController.m in Sources */,
				943C8DE71C6043760040C72C /* SearchCell.m in Sources */,
				946153D91C55341C00FA866A /* CollectionViewCell.m in Sources */,
				94222A5B1C53FF0100E64EA9 /* DetailViewController.m in Sources */,
			);
			runOnlyForDeploymentPostprocessing = 0;
		};
		EEAFB9EC1BDD883D00AFF6C9 /* Sources */ = {
			isa = PBXSourcesBuildPhase;
			buildActionMask = 2147483647;
			files = (
				EEAFB9F71BDD883D00AFF6C9 /* FBLA_OutfitterTests.m in Sources */,
			);
			runOnlyForDeploymentPostprocessing = 0;
		};
/* End PBXSourcesBuildPhase section */

/* Begin PBXTargetDependency section */
		EEAFB9F21BDD883D00AFF6C9 /* PBXTargetDependency */ = {
			isa = PBXTargetDependency;
			target = EEAFB9D61BDD883C00AFF6C9 /* FBLA Outfitter */;
			targetProxy = EEAFB9F11BDD883D00AFF6C9 /* PBXContainerItemProxy */;
		};
/* End PBXTargetDependency section */

/* Begin PBXVariantGroup section */
		EEAFB9E41BDD883C00AFF6C9 /* Main.storyboard */ = {
			isa = PBXVariantGroup;
			children = (
				EEAFB9E51BDD883C00AFF6C9 /* Base */,
			);
			name = Main.storyboard;
			sourceTree = "<group>";
		};
		EEAFB9E91BDD883D00AFF6C9 /* LaunchScreen.xib */ = {
			isa = PBXVariantGroup;
			children = (
				EEAFB9EA1BDD883D00AFF6C9 /* Base */,
			);
			name = LaunchScreen.xib;
			sourceTree = "<group>";
		};
/* End PBXVariantGroup section */

/* Begin XCBuildConfiguration section */
		EEAFB9F81BDD883D00AFF6C9 /* Debug */ = {
			isa = XCBuildConfiguration;
			buildSettings = {
				ALWAYS_SEARCH_USER_PATHS = NO;
				CLANG_CXX_LANGUAGE_STANDARD = "gnu++0x";
				CLANG_CXX_LIBRARY = "libc++";
				CLANG_ENABLE_MODULES = YES;
				CLANG_ENABLE_OBJC_ARC = YES;
				CLANG_WARN_BOOL_CONVERSION = YES;
				CLANG_WARN_CONSTANT_CONVERSION = YES;
				CLANG_WARN_DIRECT_OBJC_ISA_USAGE = YES_ERROR;
				CLANG_WARN_EMPTY_BODY = YES;
				CLANG_WARN_ENUM_CONVERSION = YES;
				CLANG_WARN_INT_CONVERSION = YES;
				CLANG_WARN_OBJC_ROOT_CLASS = YES_ERROR;
				CLANG_WARN_UNREACHABLE_CODE = YES;
				CLANG_WARN__DUPLICATE_METHOD_MATCH = YES;
				"CODE_SIGN_IDENTITY[sdk=iphoneos*]" = "iPhone Developer";
				COPY_PHASE_STRIP = NO;
				ENABLE_STRICT_OBJC_MSGSEND = YES;
				GCC_C_LANGUAGE_STANDARD = gnu99;
				GCC_DYNAMIC_NO_PIC = NO;
				GCC_OPTIMIZATION_LEVEL = 0;
				GCC_PREPROCESSOR_DEFINITIONS = (
					"DEBUG=1",
					"$(inherited)",
				);
				GCC_SYMBOLS_PRIVATE_EXTERN = NO;
				GCC_WARN_64_TO_32_BIT_CONVERSION = YES;
				GCC_WARN_ABOUT_RETURN_TYPE = YES_ERROR;
				GCC_WARN_UNDECLARED_SELECTOR = YES;
				GCC_WARN_UNINITIALIZED_AUTOS = YES_AGGRESSIVE;
				GCC_WARN_UNUSED_FUNCTION = YES;
				GCC_WARN_UNUSED_VARIABLE = YES;
				IPHONEOS_DEPLOYMENT_TARGET = 8.0;
				MTL_ENABLE_DEBUG_INFO = YES;
				ONLY_ACTIVE_ARCH = YES;
				SDKROOT = iphoneos;
				TARGETED_DEVICE_FAMILY = "1,2";
			};
			name = Debug;
		};
		EEAFB9F91BDD883D00AFF6C9 /* Release */ = {
			isa = XCBuildConfiguration;
			buildSettings = {
				ALWAYS_SEARCH_USER_PATHS = NO;
				CLANG_CXX_LANGUAGE_STANDARD = "gnu++0x";
				CLANG_CXX_LIBRARY = "libc++";
				CLANG_ENABLE_MODULES = YES;
				CLANG_ENABLE_OBJC_ARC = YES;
				CLANG_WARN_BOOL_CONVERSION = YES;
				CLANG_WARN_CONSTANT_CONVERSION = YES;
				CLANG_WARN_DIRECT_OBJC_ISA_USAGE = YES_ERROR;
				CLANG_WARN_EMPTY_BODY = YES;
				CLANG_WARN_ENUM_CONVERSION = YES;
				CLANG_WARN_INT_CONVERSION = YES;
				CLANG_WARN_OBJC_ROOT_CLASS = YES_ERROR;
				CLANG_WARN_UNREACHABLE_CODE = YES;
				CLANG_WARN__DUPLICATE_METHOD_MATCH = YES;
				"CODE_SIGN_IDENTITY[sdk=iphoneos*]" = "iPhone Developer";
				COPY_PHASE_STRIP = YES;
				ENABLE_NS_ASSERTIONS = NO;
				ENABLE_STRICT_OBJC_MSGSEND = YES;
				GCC_C_LANGUAGE_STANDARD = gnu99;
				GCC_WARN_64_TO_32_BIT_CONVERSION = YES;
				GCC_WARN_ABOUT_RETURN_TYPE = YES_ERROR;
				GCC_WARN_UNDECLARED_SELECTOR = YES;
				GCC_WARN_UNINITIALIZED_AUTOS = YES_AGGRESSIVE;
				GCC_WARN_UNUSED_FUNCTION = YES;
				GCC_WARN_UNUSED_VARIABLE = YES;
				IPHONEOS_DEPLOYMENT_TARGET = 8.0;
				MTL_ENABLE_DEBUG_INFO = NO;
				SDKROOT = iphoneos;
				TARGETED_DEVICE_FAMILY = "1,2";
				VALIDATE_PRODUCT = YES;
			};
			name = Release;
		};
		EEAFB9FB1BDD883D00AFF6C9 /* Debug */ = {
			isa = XCBuildConfiguration;
			buildSettings = {
				ASSETCATALOG_COMPILER_APPICON_NAME = AppIcon;
				CODE_SIGN_IDENTITY = "iPhone Developer";
				"CODE_SIGN_IDENTITY[sdk=iphoneos*]" = "iPhone Developer";
				INFOPLIST_FILE = "FBLA Outfitter/Info.plist";
				LD_RUNPATH_SEARCH_PATHS = "$(inherited) @executable_path/Frameworks";
				PRODUCT_NAME = "$(TARGET_NAME)";
				PROVISIONING_PROFILE = "";
			};
			name = Debug;
		};
		EEAFB9FC1BDD883D00AFF6C9 /* Release */ = {
			isa = XCBuildConfiguration;
			buildSettings = {
				ASSETCATALOG_COMPILER_APPICON_NAME = AppIcon;
				CODE_SIGN_IDENTITY = "iPhone Developer";
				"CODE_SIGN_IDENTITY[sdk=iphoneos*]" = "iPhone Developer";
				INFOPLIST_FILE = "FBLA Outfitter/Info.plist";
				LD_RUNPATH_SEARCH_PATHS = "$(inherited) @executable_path/Frameworks";
				PRODUCT_NAME = "$(TARGET_NAME)";
				PROVISIONING_PROFILE = "";
			};
			name = Release;
		};
		EEAFB9FE1BDD883D00AFF6C9 /* Debug */ = {
			isa = XCBuildConfiguration;
			buildSettings = {
				BUNDLE_LOADER = "$(TEST_HOST)";
				FRAMEWORK_SEARCH_PATHS = (
					"$(SDKROOT)/Developer/Library/Frameworks",
					"$(inherited)",
				);
				GCC_PREPROCESSOR_DEFINITIONS = (
					"DEBUG=1",
					"$(inherited)",
				);
				INFOPLIST_FILE = "FBLA OutfitterTests/Info.plist";
				LD_RUNPATH_SEARCH_PATHS = "$(inherited) @executable_path/Frameworks @loader_path/Frameworks";
				PRODUCT_NAME = "$(TARGET_NAME)";
				TEST_HOST = "$(BUILT_PRODUCTS_DIR)/FBLA Outfitter.app/FBLA Outfitter";
			};
			name = Debug;
		};
		EEAFB9FF1BDD883D00AFF6C9 /* Release */ = {
			isa = XCBuildConfiguration;
			buildSettings = {
				BUNDLE_LOADER = "$(TEST_HOST)";
				FRAMEWORK_SEARCH_PATHS = (
					"$(SDKROOT)/Developer/Library/Frameworks",
					"$(inherited)",
				);
				INFOPLIST_FILE = "FBLA OutfitterTests/Info.plist";
				LD_RUNPATH_SEARCH_PATHS = "$(inherited) @executable_path/Frameworks @loader_path/Frameworks";
				PRODUCT_NAME = "$(TARGET_NAME)";
				TEST_HOST = "$(BUILT_PRODUCTS_DIR)/FBLA Outfitter.app/FBLA Outfitter";
			};
			name = Release;
		};
/* End XCBuildConfiguration section */

/* Begin XCConfigurationList section */
		EEAFB9D21BDD883C00AFF6C9 /* Build configuration list for PBXProject "FBLA Outfitter" */ = {
			isa = XCConfigurationList;
			buildConfigurations = (
				EEAFB9F81BDD883D00AFF6C9 /* Debug */,
				EEAFB9F91BDD883D00AFF6C9 /* Release */,
			);
			defaultConfigurationIsVisible = 0;
			defaultConfigurationName = Release;
		};
		EEAFB9FA1BDD883D00AFF6C9 /* Build configuration list for PBXNativeTarget "FBLA Outfitter" */ = {
			isa = XCConfigurationList;
			buildConfigurations = (
				EEAFB9FB1BDD883D00AFF6C9 /* Debug */,
				EEAFB9FC1BDD883D00AFF6C9 /* Release */,
			);
			defaultConfigurationIsVisible = 0;
			defaultConfigurationName = Release;
		};
		EEAFB9FD1BDD883D00AFF6C9 /* Build configuration list for PBXNativeTarget "FBLA OutfitterTests" */ = {
			isa = XCConfigurationList;
			buildConfigurations = (
				EEAFB9FE1BDD883D00AFF6C9 /* Debug */,
				EEAFB9FF1BDD883D00AFF6C9 /* Release */,
			);
			defaultConfigurationIsVisible = 0;
			defaultConfigurationName = Release;
		};
/* End XCConfigurationList section */
	};
	rootObject = EEAFB9CF1BDD883C00AFF6C9 /* Project object */;
}
